{
  "object": {
    "pins": [
      {
        "package": "Commandant",
        "repositoryURL": "https://github.com/Carthage/Commandant.git",
        "state": {
          "branch": null,
          "revision": "ab68611013dec67413628ac87c1f29e8427bc8e4",
          "version": "0.17.0"
        }
      },
      {
        "package": "Nimble",
        "repositoryURL": "https://github.com/Quick/Nimble.git",
        "state": {
          "branch": null,
          "revision": "f8657642dfdec9973efc79cc68bcef43a653a2bc",
          "version": "8.0.2"
        }
      },
      {
        "package": "Quick",
        "repositoryURL": "https://github.com/Quick/Quick.git",
        "state": {
          "branch": null,
          "revision": "94df9b449508344667e5afc7e80f8bcbff1e4c37",
          "version": "2.1.0"
        }
      }
    ]
  },
  "version": 1
}
